// !$*UTF8*$!
{
	archiveVersion = 1;
	classes = {
	};
	objectVersion = 56;
	objects = {

/* Begin PBXBuildFile section */
		826FDD472BC7D44100B9AFDB /* Helper+UINavigationControllerSetting.swift in Sources */ = {isa = PBXBuildFile; fileRef = 826FDD462BC7D44100B9AFDB /* Helper+UINavigationControllerSetting.swift */; };
		827B7DB62BC535B000C56FE5 /* DataiaryApp.swift in Sources */ = {isa = PBXBuildFile; fileRef = 827B7DB52BC535B000C56FE5 /* DataiaryApp.swift */; };
		827B7DB82BC535B000C56FE5 /* MainView.swift in Sources */ = {isa = PBXBuildFile; fileRef = 827B7DB72BC535B000C56FE5 /* MainView.swift */; };
		827B7DBC2BC535B100C56FE5 /* Assets.xcassets in Resources */ = {isa = PBXBuildFile; fileRef = 827B7DBB2BC535B100C56FE5 /* Assets.xcassets */; };
		827B7DBF2BC535B100C56FE5 /* Preview Assets.xcassets in Resources */ = {isa = PBXBuildFile; fileRef = 827B7DBE2BC535B100C56FE5 /* Preview Assets.xcassets */; };
		827B7DCA2BC66E5100C56FE5 /* Colors.xcassets in Resources */ = {isa = PBXBuildFile; fileRef = 827B7DC92BC66E5100C56FE5 /* Colors.xcassets */; };
		827B7DD62BC66FBE00C56FE5 /* Pretendard-Light.otf in Resources */ = {isa = PBXBuildFile; fileRef = 827B7DCD2BC66FBE00C56FE5 /* Pretendard-Light.otf */; };
		827B7DD72BC66FBE00C56FE5 /* Pretendard-ExtraLight.otf in Resources */ = {isa = PBXBuildFile; fileRef = 827B7DCE2BC66FBE00C56FE5 /* Pretendard-ExtraLight.otf */; };
		827B7DD82BC66FBE00C56FE5 /* Pretendard-Medium.otf in Resources */ = {isa = PBXBuildFile; fileRef = 827B7DCF2BC66FBE00C56FE5 /* Pretendard-Medium.otf */; };
		827B7DD92BC66FBE00C56FE5 /* Pretendard-Bold.otf in Resources */ = {isa = PBXBuildFile; fileRef = 827B7DD02BC66FBE00C56FE5 /* Pretendard-Bold.otf */; };
		827B7DDA2BC66FBE00C56FE5 /* Pretendard-ExtraBold.otf in Resources */ = {isa = PBXBuildFile; fileRef = 827B7DD12BC66FBE00C56FE5 /* Pretendard-ExtraBold.otf */; };
		827B7DDB2BC66FBE00C56FE5 /* Pretendard-Black.otf in Resources */ = {isa = PBXBuildFile; fileRef = 827B7DD22BC66FBE00C56FE5 /* Pretendard-Black.otf */; };
		827B7DDC2BC66FBE00C56FE5 /* Pretendard-Regular.otf in Resources */ = {isa = PBXBuildFile; fileRef = 827B7DD32BC66FBE00C56FE5 /* Pretendard-Regular.otf */; };
		827B7DDD2BC66FBE00C56FE5 /* Pretendard-SemiBold.otf in Resources */ = {isa = PBXBuildFile; fileRef = 827B7DD42BC66FBE00C56FE5 /* Pretendard-SemiBold.otf */; };
		827B7DDE2BC66FBE00C56FE5 /* Pretendard-Thin.otf in Resources */ = {isa = PBXBuildFile; fileRef = 827B7DD52BC66FBE00C56FE5 /* Pretendard-Thin.otf */; };
		827B7DE22BC6712200C56FE5 /* Helper+CustomFont.swift in Sources */ = {isa = PBXBuildFile; fileRef = 827B7DE12BC6712200C56FE5 /* Helper+CustomFont.swift */; };
		827B7DE52BC6753B00C56FE5 /* Tab.swift in Sources */ = {isa = PBXBuildFile; fileRef = 827B7DE42BC6753B00C56FE5 /* Tab.swift */; };
		827B7DE72BC6763300C56FE5 /* SwiftDataListView.swift in Sources */ = {isa = PBXBuildFile; fileRef = 827B7DE62BC6763300C56FE5 /* SwiftDataListView.swift */; };
		827B7DE92BC676FB00C56FE5 /* RealmDataListView.swift in Sources */ = {isa = PBXBuildFile; fileRef = 827B7DE82BC676FB00C56FE5 /* RealmDataListView.swift */; };
		827B7DEB2BC6771800C56FE5 /* CoreDataListView.swift in Sources */ = {isa = PBXBuildFile; fileRef = 827B7DEA2BC6771800C56FE5 /* CoreDataListView.swift */; };
		827B7DEE2BC6779100C56FE5 /* DiaryTabBar.swift in Sources */ = {isa = PBXBuildFile; fileRef = 827B7DED2BC6779100C56FE5 /* DiaryTabBar.swift */; };
		827B7DF02BC67F7F00C56FE5 /* DiaryNavigationBar.swift in Sources */ = {isa = PBXBuildFile; fileRef = 827B7DEF2BC67F7F00C56FE5 /* DiaryNavigationBar.swift */; };
		827B7DF22BC680F600C56FE5 /* Helper+NameSpace.swift in Sources */ = {isa = PBXBuildFile; fileRef = 827B7DF12BC680F600C56FE5 /* Helper+NameSpace.swift */; };
		827B7DF62BC6BBC000C56FE5 /* DiaryActionButton.swift in Sources */ = {isa = PBXBuildFile; fileRef = 827B7DF52BC6BBC000C56FE5 /* DiaryActionButton.swift */; };
		827B7DF82BC6BF8000C56FE5 /* DiaryListCell.swift in Sources */ = {isa = PBXBuildFile; fileRef = 827B7DF72BC6BF8000C56FE5 /* DiaryListCell.swift */; };
		827B7DFA2BC6BFCD00C56FE5 /* SwiftDataDiary.swift in Sources */ = {isa = PBXBuildFile; fileRef = 827B7DF92BC6BFCD00C56FE5 /* SwiftDataDiary.swift */; };
		827B7DFC2BC6C22300C56FE5 /* Helper+DateExtension.swift in Sources */ = {isa = PBXBuildFile; fileRef = 827B7DFB2BC6C22300C56FE5 /* Helper+DateExtension.swift */; };
		827B7DFE2BC6C3EA00C56FE5 /* WriteDiaryView.swift in Sources */ = {isa = PBXBuildFile; fileRef = 827B7DFD2BC6C3EA00C56FE5 /* WriteDiaryView.swift */; };
		827B7E002BC6C55800C56FE5 /* PathType.swift in Sources */ = {isa = PBXBuildFile; fileRef = 827B7DFF2BC6C55800C56FE5 /* PathType.swift */; };
		827B7E022BC6CFD200C56FE5 /* DiaryTextField.swift in Sources */ = {isa = PBXBuildFile; fileRef = 827B7E012BC6CFD200C56FE5 /* DiaryTextField.swift */; };
		827B7E042BC6D30F00C56FE5 /* ReadDiaryView.swift in Sources */ = {isa = PBXBuildFile; fileRef = 827B7E032BC6D30F00C56FE5 /* ReadDiaryView.swift */; };
		827B7E072BC777B800C56FE5 /* SwiftDataDiaryManager.swift in Sources */ = {isa = PBXBuildFile; fileRef = 827B7E062BC777B800C56FE5 /* SwiftDataDiaryManager.swift */; };
		827B7E0A2BC7785900C56FE5 /* DiaryManager.swift in Sources */ = {isa = PBXBuildFile; fileRef = 827B7E092BC7785900C56FE5 /* DiaryManager.swift */; };
		827B7E0C2BC778B400C56FE5 /* Diary.swift in Sources */ = {isa = PBXBuildFile; fileRef = 827B7E0B2BC778B400C56FE5 /* Diary.swift */; };
		827B7E112BC7A9A800C56FE5 /* MockModelContainer.swift in Sources */ = {isa = PBXBuildFile; fileRef = 827B7E102BC7A9A800C56FE5 /* MockModelContainer.swift */; };
/* End PBXBuildFile section */

/* Begin PBXFileReference section */
		826FDD462BC7D44100B9AFDB /* Helper+UINavigationControllerSetting.swift */ = {isa = PBXFileReference; lastKnownFileType = sourcecode.swift; path = "Helper+UINavigationControllerSetting.swift"; sourceTree = "<group>"; };
		827B7DB22BC535B000C56FE5 /* Dataiary.app */ = {isa = PBXFileReference; explicitFileType = wrapper.application; includeInIndex = 0; path = Dataiary.app; sourceTree = BUILT_PRODUCTS_DIR; };
		827B7DB52BC535B000C56FE5 /* DataiaryApp.swift */ = {isa = PBXFileReference; lastKnownFileType = sourcecode.swift; path = DataiaryApp.swift; sourceTree = "<group>"; };
		827B7DB72BC535B000C56FE5 /* MainView.swift */ = {isa = PBXFileReference; lastKnownFileType = sourcecode.swift; path = MainView.swift; sourceTree = "<group>"; };
		827B7DBB2BC535B100C56FE5 /* Assets.xcassets */ = {isa = PBXFileReference; lastKnownFileType = folder.assetcatalog; path = Assets.xcassets; sourceTree = "<group>"; };
		827B7DBE2BC535B100C56FE5 /* Preview Assets.xcassets */ = {isa = PBXFileReference; lastKnownFileType = folder.assetcatalog; path = "Preview Assets.xcassets"; sourceTree = "<group>"; };
		827B7DC92BC66E5100C56FE5 /* Colors.xcassets */ = {isa = PBXFileReference; lastKnownFileType = folder.assetcatalog; path = Colors.xcassets; sourceTree = "<group>"; };
		827B7DCD2BC66FBE00C56FE5 /* Pretendard-Light.otf */ = {isa = PBXFileReference; lastKnownFileType = file; path = "Pretendard-Light.otf"; sourceTree = "<group>"; };
		827B7DCE2BC66FBE00C56FE5 /* Pretendard-ExtraLight.otf */ = {isa = PBXFileReference; lastKnownFileType = file; path = "Pretendard-ExtraLight.otf"; sourceTree = "<group>"; };
		827B7DCF2BC66FBE00C56FE5 /* Pretendard-Medium.otf */ = {isa = PBXFileReference; lastKnownFileType = file; path = "Pretendard-Medium.otf"; sourceTree = "<group>"; };
		827B7DD02BC66FBE00C56FE5 /* Pretendard-Bold.otf */ = {isa = PBXFileReference; lastKnownFileType = file; path = "Pretendard-Bold.otf"; sourceTree = "<group>"; };
		827B7DD12BC66FBE00C56FE5 /* Pretendard-ExtraBold.otf */ = {isa = PBXFileReference; lastKnownFileType = file; path = "Pretendard-ExtraBold.otf"; sourceTree = "<group>"; };
		827B7DD22BC66FBE00C56FE5 /* Pretendard-Black.otf */ = {isa = PBXFileReference; lastKnownFileType = file; path = "Pretendard-Black.otf"; sourceTree = "<group>"; };
		827B7DD32BC66FBE00C56FE5 /* Pretendard-Regular.otf */ = {isa = PBXFileReference; lastKnownFileType = file; path = "Pretendard-Regular.otf"; sourceTree = "<group>"; };
		827B7DD42BC66FBE00C56FE5 /* Pretendard-SemiBold.otf */ = {isa = PBXFileReference; lastKnownFileType = file; path = "Pretendard-SemiBold.otf"; sourceTree = "<group>"; };
		827B7DD52BC66FBE00C56FE5 /* Pretendard-Thin.otf */ = {isa = PBXFileReference; lastKnownFileType = file; path = "Pretendard-Thin.otf"; sourceTree = "<group>"; };
		827B7DDF2BC66FE900C56FE5 /* Info.plist */ = {isa = PBXFileReference; lastKnownFileType = text.plist.xml; path = Info.plist; sourceTree = "<group>"; };
		827B7DE12BC6712200C56FE5 /* Helper+CustomFont.swift */ = {isa = PBXFileReference; lastKnownFileType = sourcecode.swift; path = "Helper+CustomFont.swift"; sourceTree = "<group>"; };
		827B7DE42BC6753B00C56FE5 /* Tab.swift */ = {isa = PBXFileReference; lastKnownFileType = sourcecode.swift; path = Tab.swift; sourceTree = "<group>"; };
		827B7DE62BC6763300C56FE5 /* SwiftDataListView.swift */ = {isa = PBXFileReference; lastKnownFileType = sourcecode.swift; path = SwiftDataListView.swift; sourceTree = "<group>"; };
		827B7DE82BC676FB00C56FE5 /* RealmDataListView.swift */ = {isa = PBXFileReference; lastKnownFileType = sourcecode.swift; path = RealmDataListView.swift; sourceTree = "<group>"; };
		827B7DEA2BC6771800C56FE5 /* CoreDataListView.swift */ = {isa = PBXFileReference; lastKnownFileType = sourcecode.swift; path = CoreDataListView.swift; sourceTree = "<group>"; };
		827B7DED2BC6779100C56FE5 /* DiaryTabBar.swift */ = {isa = PBXFileReference; lastKnownFileType = sourcecode.swift; path = DiaryTabBar.swift; sourceTree = "<group>"; };
		827B7DEF2BC67F7F00C56FE5 /* DiaryNavigationBar.swift */ = {isa = PBXFileReference; lastKnownFileType = sourcecode.swift; path = DiaryNavigationBar.swift; sourceTree = "<group>"; };
		827B7DF12BC680F600C56FE5 /* Helper+NameSpace.swift */ = {isa = PBXFileReference; lastKnownFileType = sourcecode.swift; path = "Helper+NameSpace.swift"; sourceTree = "<group>"; };
		827B7DF52BC6BBC000C56FE5 /* DiaryActionButton.swift */ = {isa = PBXFileReference; lastKnownFileType = sourcecode.swift; path = DiaryActionButton.swift; sourceTree = "<group>"; };
		827B7DF72BC6BF8000C56FE5 /* DiaryListCell.swift */ = {isa = PBXFileReference; lastKnownFileType = sourcecode.swift; path = DiaryListCell.swift; sourceTree = "<group>"; };
		827B7DF92BC6BFCD00C56FE5 /* SwiftDataDiary.swift */ = {isa = PBXFileReference; lastKnownFileType = sourcecode.swift; path = SwiftDataDiary.swift; sourceTree = "<group>"; };
		827B7DFB2BC6C22300C56FE5 /* Helper+DateExtension.swift */ = {isa = PBXFileReference; lastKnownFileType = sourcecode.swift; path = "Helper+DateExtension.swift"; sourceTree = "<group>"; };
		827B7DFD2BC6C3EA00C56FE5 /* WriteDiaryView.swift */ = {isa = PBXFileReference; lastKnownFileType = sourcecode.swift; path = WriteDiaryView.swift; sourceTree = "<group>"; };
		827B7DFF2BC6C55800C56FE5 /* PathType.swift */ = {isa = PBXFileReference; lastKnownFileType = sourcecode.swift; path = PathType.swift; sourceTree = "<group>"; };
		827B7E012BC6CFD200C56FE5 /* DiaryTextField.swift */ = {isa = PBXFileReference; lastKnownFileType = sourcecode.swift; path = DiaryTextField.swift; sourceTree = "<group>"; };
		827B7E032BC6D30F00C56FE5 /* ReadDiaryView.swift */ = {isa = PBXFileReference; lastKnownFileType = sourcecode.swift; path = ReadDiaryView.swift; sourceTree = "<group>"; };
		827B7E062BC777B800C56FE5 /* SwiftDataDiaryManager.swift */ = {isa = PBXFileReference; lastKnownFileType = sourcecode.swift; path = SwiftDataDiaryManager.swift; sourceTree = "<group>"; };
		827B7E092BC7785900C56FE5 /* DiaryManager.swift */ = {isa = PBXFileReference; lastKnownFileType = sourcecode.swift; path = DiaryManager.swift; sourceTree = "<group>"; };
		827B7E0B2BC778B400C56FE5 /* Diary.swift */ = {isa = PBXFileReference; lastKnownFileType = sourcecode.swift; path = Diary.swift; sourceTree = "<group>"; };
		827B7E102BC7A9A800C56FE5 /* MockModelContainer.swift */ = {isa = PBXFileReference; lastKnownFileType = sourcecode.swift; path = MockModelContainer.swift; sourceTree = "<group>"; };
/* End PBXFileReference section */

/* Begin PBXFrameworksBuildPhase section */
		827B7DAF2BC535B000C56FE5 /* Frameworks */ = {
			isa = PBXFrameworksBuildPhase;
			buildActionMask = 2147483647;
			files = (
			);
			runOnlyForDeploymentPostprocessing = 0;
		};
/* End PBXFrameworksBuildPhase section */

/* Begin PBXGroup section */
		827B7DA92BC535B000C56FE5 = {
			isa = PBXGroup;
			children = (
				827B7DB42BC535B000C56FE5 /* Dataiary */,
				827B7DB32BC535B000C56FE5 /* Products */,
			);
			sourceTree = "<group>";
		};
		827B7DB32BC535B000C56FE5 /* Products */ = {
			isa = PBXGroup;
			children = (
				827B7DB22BC535B000C56FE5 /* Dataiary.app */,
			);
			name = Products;
			sourceTree = "<group>";
		};
		827B7DB42BC535B000C56FE5 /* Dataiary */ = {
			isa = PBXGroup;
			children = (
				827B7DC62BC66D9E00C56FE5 /* App */,
				827B7DC72BC66DAF00C56FE5 /* Model */,
				827B7E082BC7783C00C56FE5 /* Protocol */,
				827B7E052BC7779C00C56FE5 /* Manager */,
				827B7DC52BC66D7F00C56FE5 /* View */,
				827B7DEC2BC6777B00C56FE5 /* Component */,
				827B7DE02BC6711000C56FE5 /* Helper */,
				827B7E0F2BC7A99000C56FE5 /* Mock */,
				827B7DC82BC66DBE00C56FE5 /* Resource */,
				827B7DBD2BC535B100C56FE5 /* Preview Content */,
			);
			path = Dataiary;
			sourceTree = "<group>";
		};
		827B7DBD2BC535B100C56FE5 /* Preview Content */ = {
			isa = PBXGroup;
			children = (
				827B7DBE2BC535B100C56FE5 /* Preview Assets.xcassets */,
			);
			path = "Preview Content";
			sourceTree = "<group>";
		};
		827B7DC52BC66D7F00C56FE5 /* View */ = {
			isa = PBXGroup;
			children = (
				827B7DB72BC535B000C56FE5 /* MainView.swift */,
				827B7DEA2BC6771800C56FE5 /* CoreDataListView.swift */,
				827B7DE82BC676FB00C56FE5 /* RealmDataListView.swift */,
				827B7DE62BC6763300C56FE5 /* SwiftDataListView.swift */,
				827B7DFD2BC6C3EA00C56FE5 /* WriteDiaryView.swift */,
				827B7E032BC6D30F00C56FE5 /* ReadDiaryView.swift */,
			);
			path = View;
			sourceTree = "<group>";
		};
		827B7DC62BC66D9E00C56FE5 /* App */ = {
			isa = PBXGroup;
			children = (
				827B7DDF2BC66FE900C56FE5 /* Info.plist */,
				827B7DB52BC535B000C56FE5 /* DataiaryApp.swift */,
			);
			path = App;
			sourceTree = "<group>";
		};
		827B7DC72BC66DAF00C56FE5 /* Model */ = {
			isa = PBXGroup;
			children = (
				827B7DE42BC6753B00C56FE5 /* Tab.swift */,
				827B7DFF2BC6C55800C56FE5 /* PathType.swift */,
				827B7E0B2BC778B400C56FE5 /* Diary.swift */,
				827B7DF92BC6BFCD00C56FE5 /* SwiftDataDiary.swift */,
			);
			path = Model;
			sourceTree = "<group>";
		};
		827B7DC82BC66DBE00C56FE5 /* Resource */ = {
			isa = PBXGroup;
			children = (
				827B7DCB2BC66F9F00C56FE5 /* Font */,
				827B7DBB2BC535B100C56FE5 /* Assets.xcassets */,
				827B7DC92BC66E5100C56FE5 /* Colors.xcassets */,
			);
			path = Resource;
			sourceTree = "<group>";
		};
		827B7DCB2BC66F9F00C56FE5 /* Font */ = {
			isa = PBXGroup;
			children = (
				827B7DCC2BC66FA800C56FE5 /* Pretendard */,
			);
			path = Font;
			sourceTree = "<group>";
		};
		827B7DCC2BC66FA800C56FE5 /* Pretendard */ = {
			isa = PBXGroup;
			children = (
				827B7DD22BC66FBE00C56FE5 /* Pretendard-Black.otf */,
				827B7DD02BC66FBE00C56FE5 /* Pretendard-Bold.otf */,
				827B7DD12BC66FBE00C56FE5 /* Pretendard-ExtraBold.otf */,
				827B7DCE2BC66FBE00C56FE5 /* Pretendard-ExtraLight.otf */,
				827B7DCD2BC66FBE00C56FE5 /* Pretendard-Light.otf */,
				827B7DCF2BC66FBE00C56FE5 /* Pretendard-Medium.otf */,
				827B7DD32BC66FBE00C56FE5 /* Pretendard-Regular.otf */,
				827B7DD42BC66FBE00C56FE5 /* Pretendard-SemiBold.otf */,
				827B7DD52BC66FBE00C56FE5 /* Pretendard-Thin.otf */,
			);
			path = Pretendard;
			sourceTree = "<group>";
		};
		827B7DE02BC6711000C56FE5 /* Helper */ = {
			isa = PBXGroup;
			children = (
				827B7DF12BC680F600C56FE5 /* Helper+NameSpace.swift */,
				827B7DE12BC6712200C56FE5 /* Helper+CustomFont.swift */,
				827B7DFB2BC6C22300C56FE5 /* Helper+DateExtension.swift */,
				826FDD462BC7D44100B9AFDB /* Helper+UINavigationControllerSetting.swift */,
			);
			path = Helper;
			sourceTree = "<group>";
		};
		827B7DEC2BC6777B00C56FE5 /* Component */ = {
			isa = PBXGroup;
			children = (
				827B7DED2BC6779100C56FE5 /* DiaryTabBar.swift */,
				827B7DEF2BC67F7F00C56FE5 /* DiaryNavigationBar.swift */,
				827B7DF52BC6BBC000C56FE5 /* DiaryActionButton.swift */,
				827B7DF72BC6BF8000C56FE5 /* DiaryListCell.swift */,
				827B7E012BC6CFD200C56FE5 /* DiaryTextField.swift */,
			);
			path = Component;
			sourceTree = "<group>";
		};
		827B7E052BC7779C00C56FE5 /* Manager */ = {
			isa = PBXGroup;
			children = (
				827B7E062BC777B800C56FE5 /* SwiftDataDiaryManager.swift */,
			);
			path = Manager;
			sourceTree = "<group>";
		};
		827B7E082BC7783C00C56FE5 /* Protocol */ = {
			isa = PBXGroup;
			children = (
				827B7E092BC7785900C56FE5 /* DiaryManager.swift */,
			);
			path = Protocol;
			sourceTree = "<group>";
		};
		827B7E0F2BC7A99000C56FE5 /* Mock */ = {
			isa = PBXGroup;
			children = (
				827B7E102BC7A9A800C56FE5 /* MockModelContainer.swift */,
			);
			path = Mock;
			sourceTree = "<group>";
		};
/* End PBXGroup section */

/* Begin PBXNativeTarget section */
		827B7DB12BC535B000C56FE5 /* Dataiary */ = {
			isa = PBXNativeTarget;
			buildConfigurationList = 827B7DC22BC535B100C56FE5 /* Build configuration list for PBXNativeTarget "Dataiary" */;
			buildPhases = (
				827B7DAE2BC535B000C56FE5 /* Sources */,
				827B7DAF2BC535B000C56FE5 /* Frameworks */,
				827B7DB02BC535B000C56FE5 /* Resources */,
			);
			buildRules = (
			);
			dependencies = (
			);
			name = Dataiary;
			productName = Dataiary;
			productReference = 827B7DB22BC535B000C56FE5 /* Dataiary.app */;
			productType = "com.apple.product-type.application";
		};
/* End PBXNativeTarget section */

/* Begin PBXProject section */
		827B7DAA2BC535B000C56FE5 /* Project object */ = {
			isa = PBXProject;
			attributes = {
				BuildIndependentTargetsInParallel = 1;
				LastSwiftUpdateCheck = 1520;
				LastUpgradeCheck = 1520;
				TargetAttributes = {
					827B7DB12BC535B000C56FE5 = {
						CreatedOnToolsVersion = 15.2;
					};
				};
			};
			buildConfigurationList = 827B7DAD2BC535B000C56FE5 /* Build configuration list for PBXProject "Dataiary" */;
			compatibilityVersion = "Xcode 14.0";
			developmentRegion = en;
			hasScannedForEncodings = 0;
			knownRegions = (
				en,
				Base,
			);
			mainGroup = 827B7DA92BC535B000C56FE5;
			productRefGroup = 827B7DB32BC535B000C56FE5 /* Products */;
			projectDirPath = "";
			projectRoot = "";
			targets = (
				827B7DB12BC535B000C56FE5 /* Dataiary */,
			);
		};
/* End PBXProject section */

/* Begin PBXResourcesBuildPhase section */
		827B7DB02BC535B000C56FE5 /* Resources */ = {
			isa = PBXResourcesBuildPhase;
			buildActionMask = 2147483647;
			files = (
				827B7DDD2BC66FBE00C56FE5 /* Pretendard-SemiBold.otf in Resources */,
				827B7DCA2BC66E5100C56FE5 /* Colors.xcassets in Resources */,
				827B7DD62BC66FBE00C56FE5 /* Pretendard-Light.otf in Resources */,
				827B7DDE2BC66FBE00C56FE5 /* Pretendard-Thin.otf in Resources */,
				827B7DDA2BC66FBE00C56FE5 /* Pretendard-ExtraBold.otf in Resources */,
				827B7DD92BC66FBE00C56FE5 /* Pretendard-Bold.otf in Resources */,
				827B7DDB2BC66FBE00C56FE5 /* Pretendard-Black.otf in Resources */,
				827B7DD72BC66FBE00C56FE5 /* Pretendard-ExtraLight.otf in Resources */,
				827B7DBF2BC535B100C56FE5 /* Preview Assets.xcassets in Resources */,
				827B7DDC2BC66FBE00C56FE5 /* Pretendard-Regular.otf in Resources */,
				827B7DBC2BC535B100C56FE5 /* Assets.xcassets in Resources */,
				827B7DD82BC66FBE00C56FE5 /* Pretendard-Medium.otf in Resources */,
			);
			runOnlyForDeploymentPostprocessing = 0;
		};
/* End PBXResourcesBuildPhase section */

/* Begin PBXSourcesBuildPhase section */
		827B7DAE2BC535B000C56FE5 /* Sources */ = {
			isa = PBXSourcesBuildPhase;
			buildActionMask = 2147483647;
			files = (
				827B7DE72BC6763300C56FE5 /* SwiftDataListView.swift in Sources */,
				827B7DFC2BC6C22300C56FE5 /* Helper+DateExtension.swift in Sources */,
				827B7E072BC777B800C56FE5 /* SwiftDataDiaryManager.swift in Sources */,
				827B7DFE2BC6C3EA00C56FE5 /* WriteDiaryView.swift in Sources */,
				827B7DF62BC6BBC000C56FE5 /* DiaryActionButton.swift in Sources */,
				827B7E0A2BC7785900C56FE5 /* DiaryManager.swift in Sources */,
				827B7DB82BC535B000C56FE5 /* MainView.swift in Sources */,
				827B7DFA2BC6BFCD00C56FE5 /* SwiftDataDiary.swift in Sources */,
				827B7DE92BC676FB00C56FE5 /* RealmDataListView.swift in Sources */,
				827B7DEB2BC6771800C56FE5 /* CoreDataListView.swift in Sources */,
				827B7E002BC6C55800C56FE5 /* PathType.swift in Sources */,
				827B7DF22BC680F600C56FE5 /* Helper+NameSpace.swift in Sources */,
				827B7DE52BC6753B00C56FE5 /* Tab.swift in Sources */,
				827B7E112BC7A9A800C56FE5 /* MockModelContainer.swift in Sources */,
				827B7DF82BC6BF8000C56FE5 /* DiaryListCell.swift in Sources */,
				827B7E0C2BC778B400C56FE5 /* Diary.swift in Sources */,
				827B7DE22BC6712200C56FE5 /* Helper+CustomFont.swift in Sources */,
				827B7DB62BC535B000C56FE5 /* DataiaryApp.swift in Sources */,
				827B7DEE2BC6779100C56FE5 /* DiaryTabBar.swift in Sources */,
				827B7E022BC6CFD200C56FE5 /* DiaryTextField.swift in Sources */,
				827B7E042BC6D30F00C56FE5 /* ReadDiaryView.swift in Sources */,
				826FDD472BC7D44100B9AFDB /* Helper+UINavigationControllerSetting.swift in Sources */,
				827B7DF02BC67F7F00C56FE5 /* DiaryNavigationBar.swift in Sources */,
			);
			runOnlyForDeploymentPostprocessing = 0;
		};
/* End PBXSourcesBuildPhase section */

/* Begin XCBuildConfiguration section */
		827B7DC02BC535B100C56FE5 /* Debug */ = {
			isa = XCBuildConfiguration;
			buildSettings = {
				ALWAYS_SEARCH_USER_PATHS = NO;
				ASSETCATALOG_COMPILER_GENERATE_SWIFT_ASSET_SYMBOL_EXTENSIONS = YES;
				CLANG_ANALYZER_NONNULL = YES;
				CLANG_ANALYZER_NUMBER_OBJECT_CONVERSION = YES_AGGRESSIVE;
				CLANG_CXX_LANGUAGE_STANDARD = "gnu++20";
				CLANG_ENABLE_MODULES = YES;
				CLANG_ENABLE_OBJC_ARC = YES;
				CLANG_ENABLE_OBJC_WEAK = YES;
				CLANG_WARN_BLOCK_CAPTURE_AUTORELEASING = YES;
				CLANG_WARN_BOOL_CONVERSION = YES;
				CLANG_WARN_COMMA = YES;
				CLANG_WARN_CONSTANT_CONVERSION = YES;
				CLANG_WARN_DEPRECATED_OBJC_IMPLEMENTATIONS = YES;
				CLANG_WARN_DIRECT_OBJC_ISA_USAGE = YES_ERROR;
				CLANG_WARN_DOCUMENTATION_COMMENTS = YES;
				CLANG_WARN_EMPTY_BODY = YES;
				CLANG_WARN_ENUM_CONVERSION = YES;
				CLANG_WARN_INFINITE_RECURSION = YES;
				CLANG_WARN_INT_CONVERSION = YES;
				CLANG_WARN_NON_LITERAL_NULL_CONVERSION = YES;
				CLANG_WARN_OBJC_IMPLICIT_RETAIN_SELF = YES;
				CLANG_WARN_OBJC_LITERAL_CONVERSION = YES;
				CLANG_WARN_OBJC_ROOT_CLASS = YES_ERROR;
				CLANG_WARN_QUOTED_INCLUDE_IN_FRAMEWORK_HEADER = YES;
				CLANG_WARN_RANGE_LOOP_ANALYSIS = YES;
				CLANG_WARN_STRICT_PROTOTYPES = YES;
				CLANG_WARN_SUSPICIOUS_MOVE = YES;
				CLANG_WARN_UNGUARDED_AVAILABILITY = YES_AGGRESSIVE;
				CLANG_WARN_UNREACHABLE_CODE = YES;
				CLANG_WARN__DUPLICATE_METHOD_MATCH = YES;
				COPY_PHASE_STRIP = NO;
				DEBUG_INFORMATION_FORMAT = dwarf;
				ENABLE_STRICT_OBJC_MSGSEND = YES;
				ENABLE_TESTABILITY = YES;
				ENABLE_USER_SCRIPT_SANDBOXING = YES;
				GCC_C_LANGUAGE_STANDARD = gnu17;
				GCC_DYNAMIC_NO_PIC = NO;
				GCC_NO_COMMON_BLOCKS = YES;
				GCC_OPTIMIZATION_LEVEL = 0;
				GCC_PREPROCESSOR_DEFINITIONS = (
					"DEBUG=1",
					"$(inherited)",
				);
				GCC_WARN_64_TO_32_BIT_CONVERSION = YES;
				GCC_WARN_ABOUT_RETURN_TYPE = YES_ERROR;
				GCC_WARN_UNDECLARED_SELECTOR = YES;
				GCC_WARN_UNINITIALIZED_AUTOS = YES_AGGRESSIVE;
				GCC_WARN_UNUSED_FUNCTION = YES;
				GCC_WARN_UNUSED_VARIABLE = YES;
				IPHONEOS_DEPLOYMENT_TARGET = 17.2;
				LOCALIZATION_PREFERS_STRING_CATALOGS = YES;
				MTL_ENABLE_DEBUG_INFO = INCLUDE_SOURCE;
				MTL_FAST_MATH = YES;
				ONLY_ACTIVE_ARCH = YES;
				SDKROOT = iphoneos;
				SWIFT_ACTIVE_COMPILATION_CONDITIONS = "DEBUG $(inherited)";
				SWIFT_OPTIMIZATION_LEVEL = "-Onone";
			};
			name = Debug;
		};
		827B7DC12BC535B100C56FE5 /* Release */ = {
			isa = XCBuildConfiguration;
			buildSettings = {
				ALWAYS_SEARCH_USER_PATHS = NO;
				ASSETCATALOG_COMPILER_GENERATE_SWIFT_ASSET_SYMBOL_EXTENSIONS = YES;
				CLANG_ANALYZER_NONNULL = YES;
				CLANG_ANALYZER_NUMBER_OBJECT_CONVERSION = YES_AGGRESSIVE;
				CLANG_CXX_LANGUAGE_STANDARD = "gnu++20";
				CLANG_ENABLE_MODULES = YES;
				CLANG_ENABLE_OBJC_ARC = YES;
				CLANG_ENABLE_OBJC_WEAK = YES;
				CLANG_WARN_BLOCK_CAPTURE_AUTORELEASING = YES;
				CLANG_WARN_BOOL_CONVERSION = YES;
				CLANG_WARN_COMMA = YES;
				CLANG_WARN_CONSTANT_CONVERSION = YES;
				CLANG_WARN_DEPRECATED_OBJC_IMPLEMENTATIONS = YES;
				CLANG_WARN_DIRECT_OBJC_ISA_USAGE = YES_ERROR;
				CLANG_WARN_DOCUMENTATION_COMMENTS = YES;
				CLANG_WARN_EMPTY_BODY = YES;
				CLANG_WARN_ENUM_CONVERSION = YES;
				CLANG_WARN_INFINITE_RECURSION = YES;
				CLANG_WARN_INT_CONVERSION = YES;
				CLANG_WARN_NON_LITERAL_NULL_CONVERSION = YES;
				CLANG_WARN_OBJC_IMPLICIT_RETAIN_SELF = YES;
				CLANG_WARN_OBJC_LITERAL_CONVERSION = YES;
				CLANG_WARN_OBJC_ROOT_CLASS = YES_ERROR;
				CLANG_WARN_QUOTED_INCLUDE_IN_FRAMEWORK_HEADER = YES;
				CLANG_WARN_RANGE_LOOP_ANALYSIS = YES;
				CLANG_WARN_STRICT_PROTOTYPES = YES;
				CLANG_WARN_SUSPICIOUS_MOVE = YES;
				CLANG_WARN_UNGUARDED_AVAILABILITY = YES_AGGRESSIVE;
				CLANG_WARN_UNREACHABLE_CODE = YES;
				CLANG_WARN__DUPLICATE_METHOD_MATCH = YES;
				COPY_PHASE_STRIP = NO;
				DEBUG_INFORMATION_FORMAT = "dwarf-with-dsym";
				ENABLE_NS_ASSERTIONS = NO;
				ENABLE_STRICT_OBJC_MSGSEND = YES;
				ENABLE_USER_SCRIPT_SANDBOXING = YES;
				GCC_C_LANGUAGE_STANDARD = gnu17;
				GCC_NO_COMMON_BLOCKS = YES;
				GCC_WARN_64_TO_32_BIT_CONVERSION = YES;
				GCC_WARN_ABOUT_RETURN_TYPE = YES_ERROR;
				GCC_WARN_UNDECLARED_SELECTOR = YES;
				GCC_WARN_UNINITIALIZED_AUTOS = YES_AGGRESSIVE;
				GCC_WARN_UNUSED_FUNCTION = YES;
				GCC_WARN_UNUSED_VARIABLE = YES;
				IPHONEOS_DEPLOYMENT_TARGET = 17.2;
				LOCALIZATION_PREFERS_STRING_CATALOGS = YES;
				MTL_ENABLE_DEBUG_INFO = NO;
				MTL_FAST_MATH = YES;
				SDKROOT = iphoneos;
				SWIFT_COMPILATION_MODE = wholemodule;
				VALIDATE_PRODUCT = YES;
			};
			name = Release;
		};
		827B7DC32BC535B100C56FE5 /* Debug */ = {
			isa = XCBuildConfiguration;
			buildSettings = {
				ASSETCATALOG_COMPILER_APPICON_NAME = AppIcon;
				ASSETCATALOG_COMPILER_GLOBAL_ACCENT_COLOR_NAME = AccentColor;
				CODE_SIGN_STYLE = Automatic;
				CURRENT_PROJECT_VERSION = 1;
				DEVELOPMENT_ASSET_PATHS = "\"Dataiary/Preview Content\"";
				DEVELOPMENT_TEAM = 9XG4S4XZWN;
				ENABLE_PREVIEWS = YES;
				GENERATE_INFOPLIST_FILE = YES;
				INFOPLIST_FILE = Dataiary/App/Info.plist;
				INFOPLIST_KEY_UIApplicationSceneManifest_Generation = YES;
				INFOPLIST_KEY_UIApplicationSupportsIndirectInputEvents = YES;
				INFOPLIST_KEY_UILaunchScreen_Generation = YES;
				INFOPLIST_KEY_UISupportedInterfaceOrientations_iPad = "UIInterfaceOrientationPortrait UIInterfaceOrientationPortraitUpsideDown UIInterfaceOrientationLandscapeLeft UIInterfaceOrientationLandscapeRight";
				INFOPLIST_KEY_UISupportedInterfaceOrientations_iPhone = "UIInterfaceOrientationPortrait UIInterfaceOrientationLandscapeLeft UIInterfaceOrientationLandscapeRight";
				LD_RUNPATH_SEARCH_PATHS = (
					"$(inherited)",
					"@executable_path/Frameworks",
				);
				MARKETING_VERSION = 1.0;
				PRODUCT_BUNDLE_IDENTIFIER = com.thinkyside.Dataiary;
				PRODUCT_NAME = "$(TARGET_NAME)";
				SWIFT_EMIT_LOC_STRINGS = YES;
				SWIFT_VERSION = 5.0;
				TARGETED_DEVICE_FAMILY = "1,2";
			};
			name = Debug;
		};
		827B7DC42BC535B100C56FE5 /* Release */ = {
			isa = XCBuildConfiguration;
			buildSettings = {
				ASSETCATALOG_COMPILER_APPICON_NAME = AppIcon;
				ASSETCATALOG_COMPILER_GLOBAL_ACCENT_COLOR_NAME = AccentColor;
				CODE_SIGN_STYLE = Automatic;
				CURRENT_PROJECT_VERSION = 1;
				DEVELOPMENT_ASSET_PATHS = "\"Dataiary/Preview Content\"";
				DEVELOPMENT_TEAM = 9XG4S4XZWN;
				ENABLE_PREVIEWS = YES;
				GENERATE_INFOPLIST_FILE = YES;
				INFOPLIST_FILE = Dataiary/App/Info.plist;
				INFOPLIST_KEY_UIApplicationSceneManifest_Generation = YES;
				INFOPLIST_KEY_UIApplicationSupportsIndirectInputEvents = YES;
				INFOPLIST_KEY_UILaunchScreen_Generation = YES;
				INFOPLIST_KEY_UISupportedInterfaceOrientations_iPad = "UIInterfaceOrientationPortrait UIInterfaceOrientationPortraitUpsideDown UIInterfaceOrientationLandscapeLeft UIInterfaceOrientationLandscapeRight";
				INFOPLIST_KEY_UISupportedInterfaceOrientations_iPhone = "UIInterfaceOrientationPortrait UIInterfaceOrientationLandscapeLeft UIInterfaceOrientationLandscapeRight";
				LD_RUNPATH_SEARCH_PATHS = (
					"$(inherited)",
					"@executable_path/Frameworks",
				);
				MARKETING_VERSION = 1.0;
				PRODUCT_BUNDLE_IDENTIFIER = com.thinkyside.Dataiary;
				PRODUCT_NAME = "$(TARGET_NAME)";
				SWIFT_EMIT_LOC_STRINGS = YES;
				SWIFT_VERSION = 5.0;
				TARGETED_DEVICE_FAMILY = "1,2";
			};
			name = Release;
		};
/* End XCBuildConfiguration section */

/* Begin XCConfigurationList section */
		827B7DAD2BC535B000C56FE5 /* Build configuration list for PBXProject "Dataiary" */ = {
			isa = XCConfigurationList;
			buildConfigurations = (
				827B7DC02BC535B100C56FE5 /* Debug */,
				827B7DC12BC535B100C56FE5 /* Release */,
			);
			defaultConfigurationIsVisible = 0;
			defaultConfigurationName = Release;
		};
		827B7DC22BC535B100C56FE5 /* Build configuration list for PBXNativeTarget "Dataiary" */ = {
			isa = XCConfigurationList;
			buildConfigurations = (
				827B7DC32BC535B100C56FE5 /* Debug */,
				827B7DC42BC535B100C56FE5 /* Release */,
			);
			defaultConfigurationIsVisible = 0;
			defaultConfigurationName = Release;
		};
/* End XCConfigurationList section */
	};
	rootObject = 827B7DAA2BC535B000C56FE5 /* Project object */;
}
